// !$*UTF8*$!
{
	archiveVersion = 1;
	classes = {
	};
	objectVersion = 50;
	objects = {

/* Begin PBXBuildFile section */
		CF6D20D823CEFA3E00F6C616 /* AppDelegate.swift in Sources */ = {isa = PBXBuildFile; fileRef = CF6D20D723CEFA3E00F6C616 /* AppDelegate.swift */; };
		CF6D20DC23CEFA3E00F6C616 /* ViewController.swift in Sources */ = {isa = PBXBuildFile; fileRef = CF6D20DB23CEFA3E00F6C616 /* ViewController.swift */; };
		CF6D20DF23CEFA3E00F6C616 /* Main.storyboard in Resources */ = {isa = PBXBuildFile; fileRef = CF6D20DD23CEFA3E00F6C616 /* Main.storyboard */; };
		CF6D20E123CEFA3E00F6C616 /* Assets.xcassets in Resources */ = {isa = PBXBuildFile; fileRef = CF6D20E023CEFA3E00F6C616 /* Assets.xcassets */; };
		CF6D20E423CEFA3E00F6C616 /* LaunchScreen.storyboard in Resources */ = {isa = PBXBuildFile; fileRef = CF6D20E223CEFA3E00F6C616 /* LaunchScreen.storyboard */; };
		CFFCD19C23D01BEE00437FFD /* YellowView.swift in Sources */ = {isa = PBXBuildFile; fileRef = CFFCD19B23D01BEE00437FFD /* YellowView.swift */; };
/* End PBXBuildFile section */

/* Begin PBXFileReference section */
		CF6D20D423CEFA3E00F6C616 /* Auto Layout Event Cycle.app */ = {isa = PBXFileReference; explicitFileType = wrapper.application; includeInIndex = 0; path = "Auto Layout Event Cycle.app"; sourceTree = BUILT_PRODUCTS_DIR; };
		CF6D20D723CEFA3E00F6C616 /* AppDelegate.swift */ = {isa = PBXFileReference; lastKnownFileType = sourcecode.swift; path = AppDelegate.swift; sourceTree = "<group>"; };
		CF6D20DB23CEFA3E00F6C616 /* ViewController.swift */ = {isa = PBXFileReference; lastKnownFileType = sourcecode.swift; path = ViewController.swift; sourceTree = "<group>"; };
		CF6D20DE23CEFA3E00F6C616 /* Base */ = {isa = PBXFileReference; lastKnownFileType = file.storyboard; name = Base; path = Base.lproj/Main.storyboard; sourceTree = "<group>"; };
		CF6D20E023CEFA3E00F6C616 /* Assets.xcassets */ = {isa = PBXFileReference; lastKnownFileType = folder.assetcatalog; path = Assets.xcassets; sourceTree = "<group>"; };
		CF6D20E323CEFA3E00F6C616 /* Base */ = {isa = PBXFileReference; lastKnownFileType = file.storyboard; name = Base; path = Base.lproj/LaunchScreen.storyboard; sourceTree = "<group>"; };
		CF6D20E523CEFA3E00F6C616 /* Info.plist */ = {isa = PBXFileReference; lastKnownFileType = text.plist.xml; path = Info.plist; sourceTree = "<group>"; };
		CFFCD19B23D01BEE00437FFD /* YellowView.swift */ = {isa = PBXFileReference; lastKnownFileType = sourcecode.swift; path = YellowView.swift; sourceTree = "<group>"; };
/* End PBXFileReference section */

/* Begin PBXFrameworksBuildPhase section */
		CF6D20D123CEFA3E00F6C616 /* Frameworks */ = {
			isa = PBXFrameworksBuildPhase;
			buildActionMask = 2147483647;
			files = (
			);
			runOnlyForDeploymentPostprocessing = 0;
		};
/* End PBXFrameworksBuildPhase section */

/* Begin PBXGroup section */
		CF6D20CB23CEFA3D00F6C616 = {
			isa = PBXGroup;
			children = (
				CF6D20D623CEFA3E00F6C616 /* Auto Layout Event Cycle */,
				CF6D20D523CEFA3E00F6C616 /* Products */,
			);
			sourceTree = "<group>";
		};
		CF6D20D523CEFA3E00F6C616 /* Products */ = {
			isa = PBXGroup;
			children = (
				CF6D20D423CEFA3E00F6C616 /* Auto Layout Event Cycle.app */,
			);
			name = Products;
			sourceTree = "<group>";
		};
		CF6D20D623CEFA3E00F6C616 /* Auto Layout Event Cycle */ = {
			isa = PBXGroup;
			children = (
				CF6D20D723CEFA3E00F6C616 /* AppDelegate.swift */,
				CF6D20DB23CEFA3E00F6C616 /* ViewController.swift */,
				CFFCD19B23D01BEE00437FFD /* YellowView.swift */,
				CF6D20DD23CEFA3E00F6C616 /* Main.storyboard */,
				CF6D20E023CEFA3E00F6C616 /* Assets.xcassets */,
				CF6D20E223CEFA3E00F6C616 /* LaunchScreen.storyboard */,
				CF6D20E523CEFA3E00F6C616 /* Info.plist */,
			);
			path = "Auto Layout Event Cycle";
			sourceTree = "<group>";
		};
/* End PBXGroup section */

/* Begin PBXNativeTarget section */
		CF6D20D323CEFA3E00F6C616 /* Auto Layout Event Cycle */ = {
			isa = PBXNativeTarget;
			buildConfigurationList = CF6D20E823CEFA3E00F6C616 /* Build configuration list for PBXNativeTarget "Auto Layout Event Cycle" */;
			buildPhases = (
				CF6D20D023CEFA3E00F6C616 /* Sources */,
				CF6D20D123CEFA3E00F6C616 /* Frameworks */,
				CF6D20D223CEFA3E00F6C616 /* Resources */,
			);
			buildRules = (
			);
			dependencies = (
			);
			name = "Auto Layout Event Cycle";
			productName = "Auto Layout Event Cycle";
			productReference = CF6D20D423CEFA3E00F6C616 /* Auto Layout Event Cycle.app */;
			productType = "com.apple.product-type.application";
		};
/* End PBXNativeTarget section */

/* Begin PBXProject section */
		CF6D20CC23CEFA3D00F6C616 /* Project object */ = {
			isa = PBXProject;
			attributes = {
				LastSwiftUpdateCheck = 1130;
				LastUpgradeCheck = 1130;
				ORGANIZATIONNAME = FISH;
				TargetAttributes = {
					CF6D20D323CEFA3E00F6C616 = {
						CreatedOnToolsVersion = 11.3;
					};
				};
			};
			buildConfigurationList = CF6D20CF23CEFA3D00F6C616 /* Build configuration list for PBXProject "Auto Layout Event Cycle" */;
			compatibilityVersion = "Xcode 9.3";
			developmentRegion = en;
			hasScannedForEncodings = 0;
			knownRegions = (
				en,
				Base,
			);
			mainGroup = CF6D20CB23CEFA3D00F6C616;
			productRefGroup = CF6D20D523CEFA3E00F6C616 /* Products */;
			projectDirPath = "";
			projectRoot = "";
			targets = (
				CF6D20D323CEFA3E00F6C616 /* Auto Layout Event Cycle */,
			);
		};
/* End PBXProject section */

/* Begin PBXResourcesBuildPhase section */
		CF6D20D223CEFA3E00F6C616 /* Resources */ = {
			isa = PBXResourcesBuildPhase;
			buildActionMask = 2147483647;
			files = (
				CF6D20E423CEFA3E00F6C616 /* LaunchScreen.storyboard in Resources */,
				CF6D20E123CEFA3E00F6C616 /* Assets.xcassets in Resources */,
				CF6D20DF23CEFA3E00F6C616 /* Main.storyboard in Resources */,
			);
			runOnlyForDeploymentPostprocessing = 0;
		};
/* End PBXResourcesBuildPhase section */

/* Begin PBXSourcesBuildPhase section */
		CF6D20D023CEFA3E00F6C616 /* Sources */ = {
			isa = PBXSourcesBuildPhase;
			buildActionMask = 2147483647;
			files = (
				CFFCD19C23D01BEE00437FFD /* YellowView.swift in Sources */,
				CF6D20DC23CEFA3E00F6C616 /* ViewController.swift in Sources */,
				CF6D20D823CEFA3E00F6C616 /* AppDelegate.swift in Sources */,
			);
			runOnlyForDeploymentPostprocessing = 0;
		};
/* End PBXSourcesBuildPhase section */

/* Begin PBXVariantGroup section */
		CF6D20DD23CEFA3E00F6C616 /* Main.storyboard */ = {
			isa = PBXVariantGroup;
			children = (
				CF6D20DE23CEFA3E00F6C616 /* Base */,
			);
			name = Main.storyboard;
			sourceTree = "<group>";
		};
		CF6D20E223CEFA3E00F6C616 /* LaunchScreen.storyboard */ = {
			isa = PBXVariantGroup;
			children = (
				CF6D20E323CEFA3E00F6C616 /* Base */,
			);
			name = LaunchScreen.storyboard;
			sourceTree = "<group>";
		};
/* End PBXVariantGroup section */

/* Begin XCBuildConfiguration section */
		CF6D20E623CEFA3E00F6C616 /* Debug */ = {
			isa = XCBuildConfiguration;
			buildSettings = {
				ALWAYS_SEARCH_USER_PATHS = NO;
				CLANG_ANALYZER_NONNULL = YES;
				CLANG_ANALYZER_NUMBER_OBJECT_CONVERSION = YES_AGGRESSIVE;
				CLANG_CXX_LANGUAGE_STANDARD = "gnu++14";
				CLANG_CXX_LIBRARY = "libc++";
				CLANG_ENABLE_MODULES = YES;
				CLANG_ENABLE_OBJC_ARC = YES;
				CLANG_ENABLE_OBJC_WEAK = YES;
				CLANG_WARN_BLOCK_CAPTURE_AUTORELEASING = YES;
				CLANG_WARN_BOOL_CONVERSION = YES;
				CLANG_WARN_COMMA = YES;
				CLANG_WARN_CONSTANT_CONVERSION = YES;
				CLANG_WARN_DEPRECATED_OBJC_IMPLEMENTATIONS = YES;
				CLANG_WARN_DIRECT_OBJC_ISA_USAGE = YES_ERROR;
				CLANG_WARN_DOCUMENTATION_COMMENTS = YES;
				CLANG_WARN_EMPTY_BODY = YES;
				CLANG_WARN_ENUM_CONVERSION = YES;
				CLANG_WARN_INFINITE_RECURSION = YES;
				CLANG_WARN_INT_CONVERSION = YES;
				CLANG_WARN_NON_LITERAL_NULL_CONVERSION = YES;
				CLANG_WARN_OBJC_IMPLICIT_RETAIN_SELF = YES;
				CLANG_WARN_OBJC_LITERAL_CONVERSION = YES;
				CLANG_WARN_OBJC_ROOT_CLASS = YES_ERROR;
				CLANG_WARN_RANGE_LOOP_ANALYSIS = YES;
				CLANG_WARN_STRICT_PROTOTYPES = YES;
				CLANG_WARN_SUSPICIOUS_MOVE = YES;
				CLANG_WARN_UNGUARDED_AVAILABILITY = YES_AGGRESSIVE;
				CLANG_WARN_UNREACHABLE_CODE = YES;
				CLANG_WARN__DUPLICATE_METHOD_MATCH = YES;
				COPY_PHASE_STRIP = NO;
				DEBUG_INFORMATION_FORMAT = dwarf;
				ENABLE_STRICT_OBJC_MSGSEND = YES;
				ENABLE_TESTABILITY = YES;
				GCC_C_LANGUAGE_STANDARD = gnu11;
				GCC_DYNAMIC_NO_PIC = NO;
				GCC_NO_COMMON_BLOCKS = YES;
				GCC_OPTIMIZATION_LEVEL = 0;
				GCC_PREPROCESSOR_DEFINITIONS = (
					"DEBUG=1",
					"$(inherited)",
				);
				GCC_WARN_64_TO_32_BIT_CONVERSION = YES;
				GCC_WARN_ABOUT_RETURN_TYPE = YES_ERROR;
				GCC_WARN_UNDECLARED_SELECTOR = YES;
				GCC_WARN_UNINITIALIZED_AUTOS = YES_AGGRESSIVE;
				GCC_WARN_UNUSED_FUNCTION = YES;
				GCC_WARN_UNUSED_VARIABLE = YES;
				IPHONEOS_DEPLOYMENT_TARGET = 13.2;
				MTL_ENABLE_DEBUG_INFO = INCLUDE_SOURCE;
				MTL_FAST_MATH = YES;
				ONLY_ACTIVE_ARCH = YES;
				SDKROOT = iphoneos;
				SWIFT_ACTIVE_COMPILATION_CONDITIONS = DEBUG;
				SWIFT_OPTIMIZATION_LEVEL = "-Onone";
			};
			name = Debug;
		};
		CF6D20E723CEFA3E00F6C616 /* Release */ = {
			isa = XCBuildConfiguration;
			buildSettings = {
				ALWAYS_SEARCH_USER_PATHS = NO;
				CLANG_ANALYZER_NONNULL = YES;
				CLANG_ANALYZER_NUMBER_OBJECT_CONVERSION = YES_AGGRESSIVE;
				CLANG_CXX_LANGUAGE_STANDARD = "gnu++14";
				CLANG_CXX_LIBRARY = "libc++";
				CLANG_ENABLE_MODULES = YES;
				CLANG_ENABLE_OBJC_ARC = YES;
				CLANG_ENABLE_OBJC_WEAK = YES;
				CLANG_WARN_BLOCK_CAPTURE_AUTORELEASING = YES;
				CLANG_WARN_BOOL_CONVERSION = YES;
				CLANG_WARN_COMMA = YES;
				CLANG_WARN_CONSTANT_CONVERSION = YES;
				CLANG_WARN_DEPRECATED_OBJC_IMPLEMENTATIONS = YES;
				CLANG_WARN_DIRECT_OBJC_ISA_USAGE = YES_ERROR;
				CLANG_WARN_DOCUMENTATION_COMMENTS = YES;
				CLANG_WARN_EMPTY_BODY = YES;
				CLANG_WARN_ENUM_CONVERSION = YES;
				CLANG_WARN_INFINITE_RECURSION = YES;
				CLANG_WARN_INT_CONVERSION = YES;
				CLANG_WARN_NON_LITERAL_NULL_CONVERSION = YES;
				CLANG_WARN_OBJC_IMPLICIT_RETAIN_SELF = YES;
				CLANG_WARN_OBJC_LITERAL_CONVERSION = YES;
				CLANG_WARN_OBJC_ROOT_CLASS = YES_ERROR;
				CLANG_WARN_RANGE_LOOP_ANALYSIS = YES;
				CLANG_WARN_STRICT_PROTOTYPES = YES;
				CLANG_WARN_SUSPICIOUS_MOVE = YES;
				CLANG_WARN_UNGUARDED_AVAILABILITY = YES_AGGRESSIVE;
				CLANG_WARN_UNREACHABLE_CODE = YES;
				CLANG_WARN__DUPLICATE_METHOD_MATCH = YES;
				COPY_PHASE_STRIP = NO;
				DEBUG_INFORMATION_FORMAT = "dwarf-with-dsym";
				ENABLE_NS_ASSERTIONS = NO;
				ENABLE_STRICT_OBJC_MSGSEND = YES;
				GCC_C_LANGUAGE_STANDARD = gnu11;
				GCC_NO_COMMON_BLOCKS = YES;
				GCC_WARN_64_TO_32_BIT_CONVERSION = YES;
				GCC_WARN_ABOUT_RETURN_TYPE = YES_ERROR;
				GCC_WARN_UNDECLARED_SELECTOR = YES;
				GCC_WARN_UNINITIALIZED_AUTOS = YES_AGGRESSIVE;
				GCC_WARN_UNUSED_FUNCTION = YES;
				GCC_WARN_UNUSED_VARIABLE = YES;
				IPHONEOS_DEPLOYMENT_TARGET = 13.2;
				MTL_ENABLE_DEBUG_INFO = NO;
				MTL_FAST_MATH = YES;
				SDKROOT = iphoneos;
				SWIFT_COMPILATION_MODE = wholemodule;
				SWIFT_OPTIMIZATION_LEVEL = "-O";
				VALIDATE_PRODUCT = YES;
			};
			name = Release;
		};
		CF6D20E923CEFA3E00F6C616 /* Debug */ = {
			isa = XCBuildConfiguration;
			buildSettings = {
				ASSETCATALOG_COMPILER_APPICON_NAME = AppIcon;
				CODE_SIGN_STYLE = Automatic;
				INFOPLIST_FILE = "Auto Layout Event Cycle/Info.plist";
				LD_RUNPATH_SEARCH_PATHS = (
					"$(inherited)",
					"@executable_path/Frameworks",
				);
				PRODUCT_BUNDLE_IDENTIFIER = "com.bacteriafish.Auto-Layout-Event-Cycle";
				PRODUCT_NAME = "$(TARGET_NAME)";
				SWIFT_VERSION = 5.0;
				TARGETED_DEVICE_FAMILY = "1,2";
			};
			name = Debug;
		};
		CF6D20EA23CEFA3E00F6C616 /* Release */ = {
			isa = XCBuildConfiguration;
			buildSettings = {
				ASSETCATALOG_COMPILER_APPICON_NAME = AppIcon;
				CODE_SIGN_STYLE = Automatic;
				INFOPLIST_FILE = "Auto Layout Event Cycle/Info.plist";
				LD_RUNPATH_SEARCH_PATHS = (
					"$(inherited)",
					"@executable_path/Frameworks",
				);
				PRODUCT_BUNDLE_IDENTIFIER = "com.bacteriafish.Auto-Layout-Event-Cycle";
				PRODUCT_NAME = "$(TARGET_NAME)";
				SWIFT_VERSION = 5.0;
				TARGETED_DEVICE_FAMILY = "1,2";
			};
			name = Release;
		};
/* End XCBuildConfiguration section */

/* Begin XCConfigurationList section */
		CF6D20CF23CEFA3D00F6C616 /* Build configuration list for PBXProject "Auto Layout Event Cycle" */ = {
			isa = XCConfigurationList;
			buildConfigurations = (
				CF6D20E623CEFA3E00F6C616 /* Debug */,
				CF6D20E723CEFA3E00F6C616 /* Release */,
			);
			defaultConfigurationIsVisible = 0;
			defaultConfigurationName = Release;
		};
		CF6D20E823CEFA3E00F6C616 /* Build configuration list for PBXNativeTarget "Auto Layout Event Cycle" */ = {
			isa = XCConfigurationList;
			buildConfigurations = (
				CF6D20E923CEFA3E00F6C616 /* Debug */,
				CF6D20EA23CEFA3E00F6C616 /* Release */,
			);
			defaultConfigurationIsVisible = 0;
			defaultConfigurationName = Release;
		};
/* End XCConfigurationList section */
	};
	rootObject = CF6D20CC23CEFA3D00F6C616 /* Project object */;
}
